
Microsoft Visual Studio Solution File, Format Version 12.00
# Visual Studio Version 16
VisualStudioVersion = 16.0.29519.87
MinimumVisualStudioVersion = 10.0.40219.1
Project("{FAE04EC0-301F-11D3-BF4B-00C04F79EFBC}") = "SaltalaTestWinForm", "SaltalaTestWinForm\SaltalaTestWinForm.csproj", "{F9C13E7B-3E96-4ACF-BE4D-33EC5C4E586B}"
EndProject
Project("{FAE04EC0-301F-11D3-BF4B-00C04F79EFBC}") = "Assembly", "Assembly\Assembly.csproj", "{50689C86-D169-4E26-A71F-76AB94F50A07}"
EndProject
Project("{FAE04EC0-301F-11D3-BF4B-00C04F79EFBC}") = "SaltalaTestWeb", "SaltalaTestWeb\SaltalaTestWeb.csproj", "{34502B66-7565-45C3-804B-DAC098CB3CC9}"
EndProject
Global
	GlobalSection(SolutionConfigurationPlatforms) = preSolution
		Debug|Any CPU = Debug|Any CPU
		Release|Any CPU = Release|Any CPU
	EndGlobalSection
	GlobalSection(ProjectConfigurationPlatforms) = postSolution
		{F9C13E7B-3E96-4ACF-BE4D-33EC5C4E586B}.Debug|Any CPU.ActiveCfg = Debug|Any CPU
		{F9C13E7B-3E96-4ACF-BE4D-33EC5C4E586B}.Debug|Any CPU.Build.0 = Debug|Any CPU
		{F9C13E7B-3E96-4ACF-BE4D-33EC5C4E586B}.Release|Any CPU.ActiveCfg = Release|Any CPU
		{F9C13E7B-3E96-4ACF-BE4D-33EC5C4E586B}.Release|Any CPU.Build.0 = Release|Any CPU
		{50689C86-D169-4E26-A71F-76AB94F50A07}.Debug|Any CPU.ActiveCfg = Debug|Any CPU
		{50689C86-D169-4E26-A71F-76AB94F50A07}.Debug|Any CPU.Build.0 = Debug|Any CPU
		{50689C86-D169-4E26-A71F-76AB94F50A07}.Release|Any CPU.ActiveCfg = Release|Any CPU
		{50689C86-D169-4E26-A71F-76AB94F50A07}.Release|Any CPU.Build.0 = Release|Any CPU
		{34502B66-7565-45C3-804B-DAC098CB3CC9}.Debug|Any CPU.ActiveCfg = Debug|Any CPU
		{34502B66-7565-45C3-804B-DAC098CB3CC9}.Debug|Any CPU.Build.0 = Debug|Any CPU
		{34502B66-7565-45C3-804B-DAC098CB3CC9}.Release|Any CPU.ActiveCfg = Release|Any CPU
		{34502B66-7565-45C3-804B-DAC098CB3CC9}.Release|Any CPU.Build.0 = Release|Any CPU
	EndGlobalSection
	GlobalSection(SolutionProperties) = preSolution
		HideSolutionNode = FALSE
	EndGlobalSection
	GlobalSection(ExtensibilityGlobals) = postSolution
		SolutionGuid = {1A50C394-ECA1-4ACC-9762-2F19E1369B6F}
	EndGlobalSection
EndGlobal
